Microsoft Visual Studio Solution File, Format Version 12.00
# Visual Studio Version 17
VisualStudioVersion = 17.5.2.0
MinimumVisualStudioVersion = 10.0.40219.1
Project("{FAE04EC0-301F-11D3-BF4B-00C04F79EFBC}") = "WPFCSDProject", "WPFCSDProject\WPFCSDProject.csproj", "{3CFE6A9E-0220-AE59-5DD6-6A301CF131B0}"
EndProject
Global
	GlobalSection(SolutionConfigurationPlatforms) = preSolution
		Debug|Any CPU = Debug|Any CPU
		Release|Any CPU = Release|Any CPU
	EndGlobalSection
	GlobalSection(ProjectConfigurationPlatforms) = postSolution
		{3CFE6A9E-0220-AE59-5DD6-6A301CF131B0}.Debug|Any CPU.ActiveCfg = Debug|Any CPU
		{3CFE6A9E-0220-AE59-5DD6-6A301CF131B0}.Debug|Any CPU.Build.0 = Debug|Any CPU
		{3CFE6A9E-0220-AE59-5DD6-6A301CF131B0}.Release|Any CPU.ActiveCfg = Release|Any CPU
		{3CFE6A9E-0220-AE59-5DD6-6A301CF131B0}.Release|Any CPU.Build.0 = Release|Any CPU
	EndGlobalSection
	GlobalSection(SolutionProperties) = preSolution
		HideSolutionNode = FALSE
	EndGlobalSection
	GlobalSection(ExtensibilityGlobals) = postSolution
		SolutionGuid = {2CEF6A1B-C580-43B7-956E-822A1C0B32A6}
	EndGlobalSection
EndGlobal
